{
  "version": 4,
  "terraform_version": "1.13.5",
  "serial": 34,
  "lineage": "3ade2c5b-1f25-2b3f-99cc-c75409e68a88",
  "outputs": {
    "migration_instance_arn": {
      "value": "arn:aws:ec2:us-east-1:793438971099:instance/i-0a3b28294e7936cb6",
      "type": "string"
    },
    "migration_instance_id": {
      "value": "i-0a3b28294e7936cb6",
      "type": "string"
    },
    "migration_security_group_id": {
      "value": "sg-030e4535368487f3d",
      "type": "string"
    },
    "ssm_connect_command": {
      "value": "aws ssm start-session --target i-0a3b28294e7936cb6",
      "type": "string"
    }
  },
  "resources": [
    {
      "mode": "data",
      "type": "aws_ami",
      "name": "amazon_linux_2",
      "provider": "provider[\"registry.terraform.io/hashicorp/aws\"]",
      "instances": [
        {
          "schema_version": 0,
          "attributes": {
            "architecture": "x86_64",
            "arn": "arn:aws:ec2:us-east-1::image/ami-03f9680ef0c07a3d1",
            "block_device_mappings": [
              {
                "device_name": "/dev/xvda",
                "ebs": {
                  "delete_on_termination": "true",
                  "encrypted": "false",
                  "iops": "0",
                  "snapshot_id": "snap-0b794a1966c45ee7d",
                  "throughput": "0",
                  "volume_initialization_rate": "0",
                  "volume_size": "8",
                  "volume_type": "gp2"
                },
                "no_device": "",
                "virtual_name": ""
              }
            ],
            "boot_mode": "",
            "creation_date": "2025-12-03T22:53:36.000Z",
            "deprecation_time": "2026-03-03T00:00:00.000Z",
            "description": "Amazon Linux 2 AMI 2.0.20251208.0 x86_64 HVM gp2",
            "ena_support": true,
            "executable_users": null,
            "filter": [
              {
                "name": "name",
                "values": [
                  "amzn2-ami-hvm-*-x86_64-gp2"
                ]
              },
              {
                "name": "virtualization-type",
                "values": [
                  "hvm"
                ]
              }
            ],
            "hypervisor": "xen",
            "id": "ami-03f9680ef0c07a3d1",
            "image_id": "ami-03f9680ef0c07a3d1",
            "image_location": "amazon/amzn2-ami-hvm-2.0.20251208.0-x86_64-gp2",
            "image_owner_alias": "amazon",
            "image_type": "machine",
            "imds_support": "",
            "include_deprecated": false,
            "kernel_id": "",
            "last_launched_time": "",
            "most_recent": true,
            "name": "amzn2-ami-hvm-2.0.20251208.0-x86_64-gp2",
            "name_regex": null,
            "owner_id": "137112412989",
            "owners": [
              "amazon"
            ],
            "platform": "",
            "platform_details": "Linux/UNIX",
            "product_codes": [],
            "public": true,
            "ramdisk_id": "",
            "root_device_name": "/dev/xvda",
            "root_device_type": "ebs",
            "root_snapshot_id": "snap-0b794a1966c45ee7d",
            "sriov_net_support": "simple",
            "state": "available",
            "state_reason": {
              "code": "UNSET",
              "message": "UNSET"
            },
            "tags": {},
            "timeouts": null,
            "tpm_support": "",
            "uefi_data": null,
            "usage_operation": "RunInstances",
            "virtualization_type": "hvm"
          },
          "sensitive_attributes": [],
          "identity_schema_version": 0
        }
      ]
    },
    {
      "mode": "managed",
      "type": "aws_cloudwatch_log_group",
      "name": "migration_logs",
      "provider": "provider[\"registry.terraform.io/hashicorp/aws\"]",
      "instances": [
        {
          "schema_version": 0,
          "attributes": {
            "arn": "arn:aws:logs:us-east-1:793438971099:log-group:/aws/ec2/dev-FCM-migrations",
            "id": "/aws/ec2/dev-FCM-migrations",
            "kms_key_id": "",
            "log_group_class": "STANDARD",
            "name": "/aws/ec2/dev-FCM-migrations",
            "name_prefix": "",
            "retention_in_days": 1,
            "skip_destroy": false,
            "tags": {
              "Name": "dev-FCM-migration-logs"
            },
            "tags_all": {
              "Environment": "dev",
              "ManagedBy": "Terraform",
              "Name": "dev-FCM-migration-logs",
              "Project": "FCM",
              "Purpose": "Database Migrations"
            }
          },
          "sensitive_attributes": [],
          "identity_schema_version": 0,
          "private": "bnVsbA=="
        }
      ]
    },
    {
      "mode": "managed",
      "type": "aws_iam_instance_profile",
      "name": "migration_instance",
      "provider": "provider[\"registry.terraform.io/hashicorp/aws\"]",
      "instances": [
        {
          "schema_version": 0,
          "attributes": {
            "arn": "arn:aws:iam::793438971099:instance-profile/dev-FCM-migration-instance-profile",
            "create_date": "2025-12-10T00:21:25Z",
            "id": "dev-FCM-migration-instance-profile",
            "name": "dev-FCM-migration-instance-profile",
            "name_prefix": "",
            "path": "/",
            "role": "dev-FCM-migration-instance-role",
            "tags": {},
            "tags_all": {
              "Environment": "dev",
              "ManagedBy": "Terraform",
              "Project": "FCM",
              "Purpose": "Database Migrations"
            },
            "unique_id": "AIPA3RPFF4TNYKWISSJAC"
          },
          "sensitive_attributes": [],
          "identity_schema_version": 0,
          "private": "bnVsbA==",
          "dependencies": [
            "aws_iam_role.migration_instance"
          ]
        }
      ]
    },
    {
      "mode": "managed",
      "type": "aws_iam_policy",
      "name": "cloudwatch_logs",
      "provider": "provider[\"registry.terraform.io/hashicorp/aws\"]",
      "instances": [
        {
          "schema_version": 0,
          "attributes": {
            "arn": "arn:aws:iam::793438971099:policy/dev-FCM-migration-cloudwatch-logs",
            "attachment_count": 1,
            "description": "Policy for migration instance to write CloudWatch logs",
            "id": "arn:aws:iam::793438971099:policy/dev-FCM-migration-cloudwatch-logs",
            "name": "dev-FCM-migration-cloudwatch-logs",
            "name_prefix": "",
            "path": "/",
            "policy": "{\"Statement\":[{\"Action\":[\"logs:CreateLogGroup\",\"logs:CreateLogStream\",\"logs:PutLogEvents\",\"logs:DescribeLogStreams\"],\"Effect\":\"Allow\",\"Resource\":\"arn:aws:logs:us-east-1:793438971099:log-group:/aws/ec2/dev-FCM-migrations:*\"}],\"Version\":\"2012-10-17\"}",
            "policy_id": "ANPA3RPFF4TNRGZP5ZNAI",
            "tags": {},
            "tags_all": {
              "Environment": "dev",
              "ManagedBy": "Terraform",
              "Project": "FCM",
              "Purpose": "Database Migrations"
            }
          },
          "sensitive_attributes": [],
          "identity_schema_version": 0,
          "private": "bnVsbA==",
          "dependencies": [
            "aws_cloudwatch_log_group.migration_logs"
          ]
        }
      ]
    },
    {
      "mode": "managed",
      "type": "aws_iam_policy",
      "name": "secrets_access",
      "provider": "provider[\"registry.terraform.io/hashicorp/aws\"]",
      "instances": [
        {
          "schema_version": 0,
          "attributes": {
            "arn": "arn:aws:iam::793438971099:policy/dev-FCM-migration-secrets-access",
            "attachment_count": 1,
            "description": "Policy for migration instance to access database secrets",
            "id": "arn:aws:iam::793438971099:policy/dev-FCM-migration-secrets-access",
            "name": "dev-FCM-migration-secrets-access",
            "name_prefix": "",
            "path": "/",
            "policy": "{\"Statement\":[{\"Action\":[\"secretsmanager:GetSecretValue\",\"secretsmanager:DescribeSecret\"],\"Effect\":\"Allow\",\"Resource\":\"arn:aws:secretsmanager:us-east-1:793438971099:secret:dev-rds-password-4TMwjJ\"}],\"Version\":\"2012-10-17\"}",
            "policy_id": "ANPA3RPFF4TNRPBLSBTAF",
            "tags": {},
            "tags_all": {
              "Environment": "dev",
              "ManagedBy": "Terraform",
              "Project": "FCM",
              "Purpose": "Database Migrations"
            }
          },
          "sensitive_attributes": [],
          "identity_schema_version": 0,
          "private": "bnVsbA=="
        }
      ]
    },
    {
      "mode": "managed",
      "type": "aws_iam_role",
      "name": "migration_instance",
      "provider": "provider[\"registry.terraform.io/hashicorp/aws\"]",
      "instances": [
        {
          "schema_version": 0,
          "attributes": {
            "arn": "arn:aws:iam::793438971099:role/dev-FCM-migration-instance-role",
            "assume_role_policy": "{\"Statement\":[{\"Action\":\"sts:AssumeRole\",\"Effect\":\"Allow\",\"Principal\":{\"Service\":\"ec2.amazonaws.com\"}}],\"Version\":\"2012-10-17\"}",
            "create_date": "2025-12-10T00:21:24Z",
            "description": "",
            "force_detach_policies": false,
            "id": "dev-FCM-migration-instance-role",
            "inline_policy": [],
            "managed_policy_arns": [
              "arn:aws:iam::793438971099:policy/dev-FCM-migration-cloudwatch-logs",
              "arn:aws:iam::793438971099:policy/dev-FCM-migration-secrets-access",
              "arn:aws:iam::aws:policy/AmazonSSMManagedInstanceCore"
            ],
            "max_session_duration": 3600,
            "name": "dev-FCM-migration-instance-role",
            "name_prefix": "",
            "path": "/",
            "permissions_boundary": "",
            "tags": {
              "Name": "dev-FCM-migration-instance-role"
            },
            "tags_all": {
              "Environment": "dev",
              "ManagedBy": "Terraform",
              "Name": "dev-FCM-migration-instance-role",
              "Project": "FCM",
              "Purpose": "Database Migrations"
            },
            "unique_id": "AROA3RPFF4TN4HN2B7MY4"
          },
          "sensitive_attributes": [],
          "identity_schema_version": 0,
          "private": "bnVsbA=="
        }
      ]
    },
    {
      "mode": "managed",
      "type": "aws_iam_role_policy_attachment",
      "name": "cloudwatch_logs",
      "provider": "provider[\"registry.terraform.io/hashicorp/aws\"]",
      "instances": [
        {
          "schema_version": 0,
          "attributes": {
            "id": "dev-FCM-migration-instance-role-20251210002126158000000003",
            "policy_arn": "arn:aws:iam::793438971099:policy/dev-FCM-migration-cloudwatch-logs",
            "role": "dev-FCM-migration-instance-role"
          },
          "sensitive_attributes": [],
          "identity_schema_version": 0,
          "private": "bnVsbA==",
          "dependencies": [
            "aws_cloudwatch_log_group.migration_logs",
            "aws_iam_policy.cloudwatch_logs",
            "aws_iam_role.migration_instance"
          ]
        }
      ]
    },
    {
      "mode": "managed",
      "type": "aws_iam_role_policy_attachment",
      "name": "secrets_access",
      "provider": "provider[\"registry.terraform.io/hashicorp/aws\"]",
      "instances": [
        {
          "schema_version": 0,
          "attributes": {
            "id": "dev-FCM-migration-instance-role-20251210002125421600000002",
            "policy_arn": "arn:aws:iam::793438971099:policy/dev-FCM-migration-secrets-access",
            "role": "dev-FCM-migration-instance-role"
          },
          "sensitive_attributes": [],
          "identity_schema_version": 0,
          "private": "bnVsbA==",
          "dependencies": [
            "aws_iam_policy.secrets_access",
            "aws_iam_role.migration_instance"
          ]
        }
      ]
    },
    {
      "mode": "managed",
      "type": "aws_iam_role_policy_attachment",
      "name": "ssm_managed_instance_core",
      "provider": "provider[\"registry.terraform.io/hashicorp/aws\"]",
      "instances": [
        {
          "schema_version": 0,
          "attributes": {
            "id": "dev-FCM-migration-instance-role-20251210002125402400000001",
            "policy_arn": "arn:aws:iam::aws:policy/AmazonSSMManagedInstanceCore",
            "role": "dev-FCM-migration-instance-role"
          },
          "sensitive_attributes": [],
          "identity_schema_version": 0,
          "private": "bnVsbA==",
          "dependencies": [
            "aws_iam_role.migration_instance"
          ]
        }
      ]
    },
    {
      "mode": "managed",
      "type": "aws_instance",
      "name": "migration",
      "provider": "provider[\"registry.terraform.io/hashicorp/aws\"]",
      "instances": [
        {
          "schema_version": 1,
          "attributes": {
            "ami": "ami-03f9680ef0c07a3d1",
            "arn": "arn:aws:ec2:us-east-1:793438971099:instance/i-0a3b28294e7936cb6",
            "associate_public_ip_address": true,
            "availability_zone": "us-east-1a",
            "capacity_reservation_specification": [
              {
                "capacity_reservation_preference": "open",
                "capacity_reservation_target": []
              }
            ],
            "cpu_core_count": 1,
            "cpu_options": [
              {
                "amd_sev_snp": "",
                "core_count": 1,
                "threads_per_core": 2
              }
            ],
            "cpu_threads_per_core": 2,
            "credit_specification": [
              {
                "cpu_credits": "unlimited"
              }
            ],
            "disable_api_stop": false,
            "disable_api_termination": false,
            "ebs_block_device": [],
            "ebs_optimized": false,
            "enable_primary_ipv6": null,
            "enclave_options": [
              {
                "enabled": false
              }
            ],
            "ephemeral_block_device": [],
            "get_password_data": false,
            "hibernation": false,
            "host_id": "",
            "host_resource_group_arn": null,
            "iam_instance_profile": "dev-fcm-adv-migration-instance-profile",
            "id": "i-0a3b28294e7936cb6",
            "instance_initiated_shutdown_behavior": "terminate",
            "instance_lifecycle": "spot",
            "instance_market_options": [
              {
                "market_type": "spot",
                "spot_options": [
                  {
                    "instance_interruption_behavior": "terminate",
                    "max_price": "0.010000",
                    "spot_instance_type": "one-time",
                    "valid_until": ""
                  }
                ]
              }
            ],
            "instance_state": "running",
            "instance_type": "t3.micro",
            "ipv6_address_count": 0,
            "ipv6_addresses": [],
            "key_name": "",
            "launch_template": [],
            "maintenance_options": [
              {
                "auto_recovery": "default"
              }
            ],
            "metadata_options": [
              {
                "http_endpoint": "enabled",
                "http_protocol_ipv6": "disabled",
                "http_put_response_hop_limit": 1,
                "http_tokens": "optional",
                "instance_metadata_tags": "disabled"
              }
            ],
            "monitoring": false,
            "network_interface": [],
            "outpost_arn": "",
            "password_data": "",
            "placement_group": "",
            "placement_partition_number": 0,
            "primary_network_interface_id": "eni-03ece049f8884213f",
            "private_dns": "ip-10-0-1-162.ec2.internal",
            "private_dns_name_options": [
              {
                "enable_resource_name_dns_a_record": false,
                "enable_resource_name_dns_aaaa_record": false,
                "hostname_type": "ip-name"
              }
            ],
            "private_ip": "10.0.1.162",
            "public_dns": "ec2-98-80-213-243.compute-1.amazonaws.com",
            "public_ip": "98.80.213.243",
            "root_block_device": [
              {
                "delete_on_termination": true,
                "device_name": "/dev/xvda",
                "encrypted": true,
                "iops": 3000,
                "kms_key_id": "arn:aws:kms:us-east-1:793438971099:key/f8a702a2-bbe0-4011-80cd-03864aa80572",
                "tags": {
                  "Name": "dev-fcm-adv-migration-root-volume",
                  "Project": "fcm-adv"
                },
                "tags_all": {
                  "Environment": "dev",
                  "ManagedBy": "Terraform",
                  "Name": "dev-fcm-adv-migration-root-volume",
                  "Project": "fcm-adv",
                  "Purpose": "Database Migrations"
                },
                "throughput": 125,
                "volume_id": "vol-019392c6ebc431830",
                "volume_size": 8,
                "volume_type": "gp3"
              }
            ],
            "secondary_private_ips": [],
            "security_groups": [],
            "source_dest_check": true,
            "spot_instance_request_id": "sir-5jn78fmq",
            "subnet_id": "subnet-068a006b5ba231b59",
            "tags": {
              "InstanceMode": "spot",
              "InstanceType": "t3.micro",
              "Name": "dev-fcm-adv-migration-instance",
              "Project": "fcm-adv",
              "SpotInstance": "true"
            },
            "tags_all": {
              "Environment": "dev",
              "InstanceMode": "spot",
              "InstanceType": "t3.micro",
              "ManagedBy": "Terraform",
              "Name": "dev-fcm-adv-migration-instance",
              "Project": "fcm-adv",
              "Purpose": "Database Migrations",
              "SpotInstance": "true"
            },
            "tenancy": "default",
            "timeouts": null,
            "user_data": "9a0bca9feb65653e08052ce9ae86687d11a9eded",
            "user_data_base64": null,
            "user_data_replace_on_change": false,
            "volume_tags": null,
            "vpc_security_group_ids": [
              "sg-030e4535368487f3d"
            ]
          },
          "sensitive_attributes": [],
          "identity_schema_version": 0,
          "private": "eyJlMmJmYjczMC1lY2FhLTExZTYtOGY4OC0zNDM2M2JjN2M0YzAiOnsiY3JlYXRlIjo2MDAwMDAwMDAwMDAsImRlbGV0ZSI6MTIwMDAwMDAwMDAwMCwicmVhZCI6OTAwMDAwMDAwMDAwLCJ1cGRhdGUiOjYwMDAwMDAwMDAwMH0sInNjaGVtYV92ZXJzaW9uIjoiMSJ9",
          "dependencies": [
            "aws_cloudwatch_log_group.migration_logs",
            "aws_iam_instance_profile.migration_instance",
            "aws_iam_role.migration_instance",
            "aws_security_group.migration_instance",
            "data.aws_ami.amazon_linux_2"
          ]
        }
      ]
    },
    {
      "mode": "managed",
      "type": "aws_security_group",
      "name": "migration_instance",
      "provider": "provider[\"registry.terraform.io/hashicorp/aws\"]",
      "instances": [
        {
          "schema_version": 1,
          "attributes": {
            "arn": "arn:aws:ec2:us-east-1:793438971099:security-group/sg-030e4535368487f3d",
            "description": "Security group for migration EC2 instance",
            "egress": [
              {
                "cidr_blocks": [
                  "0.0.0.0/0"
                ],
                "description": "",
                "from_port": 443,
                "ipv6_cidr_blocks": [],
                "prefix_list_ids": [],
                "protocol": "tcp",
                "security_groups": [],
                "self": false,
                "to_port": 443
              },
              {
                "cidr_blocks": [
                  "0.0.0.0/0"
                ],
                "description": "",
                "from_port": 80,
                "ipv6_cidr_blocks": [],
                "prefix_list_ids": [],
                "protocol": "tcp",
                "security_groups": [],
                "self": false,
                "to_port": 80
              },
              {
                "cidr_blocks": [],
                "description": "",
                "from_port": 5432,
                "ipv6_cidr_blocks": [],
                "prefix_list_ids": [],
                "protocol": "tcp",
                "security_groups": [
                  "sg-04d095b215f7b0e65"
                ],
                "self": false,
                "to_port": 5432
              }
            ],
            "id": "sg-030e4535368487f3d",
            "ingress": [],
            "name": "dev-fcm-adv-migration-instance-sg",
            "name_prefix": "",
            "owner_id": "793438971099",
            "revoke_rules_on_delete": false,
            "tags": {
              "Name": "dev-fcm-adv-migration-instance-sg",
              "Project": "fcm-adv"
            },
            "tags_all": {
              "Environment": "dev",
              "ManagedBy": "Terraform",
              "Name": "dev-fcm-adv-migration-instance-sg",
              "Project": "fcm-adv",
              "Purpose": "Database Migrations"
            },
            "timeouts": null,
            "vpc_id": "vpc-08686a79c661621a4"
          },
          "sensitive_attributes": [],
          "identity_schema_version": 0,
          "private": "eyJlMmJmYjczMC1lY2FhLTExZTYtOGY4OC0zNDM2M2JjN2M0YzAiOnsiY3JlYXRlIjo2MDAwMDAwMDAwMDAsImRlbGV0ZSI6OTAwMDAwMDAwMDAwfSwic2NoZW1hX3ZlcnNpb24iOiIxIn0="
        }
      ]
    },
    {
      "mode": "managed",
      "type": "aws_ssm_association",
      "name": "migration_instance",
      "provider": "provider[\"registry.terraform.io/hashicorp/aws\"]",
      "instances": [
        {
          "schema_version": 1,
          "attributes": {
            "apply_only_at_cron_interval": false,
            "arn": "arn:aws:ssm:us-east-1:793438971099:association/8dbbfd86-790c-41e8-a4a0-e799ecbd34eb",
            "association_id": "8dbbfd86-790c-41e8-a4a0-e799ecbd34eb",
            "association_name": "",
            "automation_target_parameter_name": "",
            "compliance_severity": "",
            "document_version": "$DEFAULT",
            "id": "8dbbfd86-790c-41e8-a4a0-e799ecbd34eb",
            "instance_id": "",
            "max_concurrency": "",
            "max_errors": "",
            "name": "AWS-ConfigureAWSPackage",
            "output_location": [],
            "parameters": {
              "action": "Install",
              "name": "AWSCLI"
            },
            "schedule_expression": "",
            "sync_compliance": "",
            "tags": {
              "Project": "fcm-adv"
            },
            "tags_all": {
              "Environment": "dev",
              "ManagedBy": "Terraform",
              "Project": "fcm-adv",
              "Purpose": "Database Migrations"
            },
            "targets": [
              {
                "key": "InstanceIds",
                "values": [
                  "i-0a3b28294e7936cb6"
                ]
              }
            ],
            "wait_for_success_timeout_seconds": null
          },
          "sensitive_attributes": [],
          "identity_schema_version": 0,
          "private": "eyJzY2hlbWFfdmVyc2lvbiI6IjEifQ==",
          "dependencies": [
            "aws_cloudwatch_log_group.migration_logs",
            "aws_iam_instance_profile.migration_instance",
            "aws_iam_role.migration_instance",
            "aws_instance.migration",
            "aws_security_group.migration_instance",
            "data.aws_ami.amazon_linux_2"
          ]
        }
      ]
    }
  ],
  "check_results": null
}
